
Microsoft Visual Studio Solution File, Format Version 12.00
# Visual Studio Version 17
VisualStudioVersion = 17.9.34714.143
MinimumVisualStudioVersion = 10.0.40219.1
Project("{FAE04EC0-301F-11D3-BF4B-00C04F79EFBC}") = "Atividade0108", "Atividade0108\Atividade0108.csproj", "{02103A27-93A0-4AEB-ACB2-7FA30E37AEEC}"
EndProject
Global
	GlobalSection(SolutionConfigurationPlatforms) = preSolution
		Debug|Any CPU = Debug|Any CPU
		Release|Any CPU = Release|Any CPU
	EndGlobalSection
	GlobalSection(ProjectConfigurationPlatforms) = postSolution
		{02103A27-93A0-4AEB-ACB2-7FA30E37AEEC}.Debug|Any CPU.ActiveCfg = Debug|Any CPU
		{02103A27-93A0-4AEB-ACB2-7FA30E37AEEC}.Debug|Any CPU.Build.0 = Debug|Any CPU
		{02103A27-93A0-4AEB-ACB2-7FA30E37AEEC}.Release|Any CPU.ActiveCfg = Release|Any CPU
		{02103A27-93A0-4AEB-ACB2-7FA30E37AEEC}.Release|Any CPU.Build.0 = Release|Any CPU
	EndGlobalSection
	GlobalSection(SolutionProperties) = preSolution
		HideSolutionNode = FALSE
	EndGlobalSection
	GlobalSection(ExtensibilityGlobals) = postSolution
		SolutionGuid = {B0BC0067-5084-4D33-8D08-7F66747F4A8D}
	EndGlobalSection
EndGlobal
